
Microsoft Visual Studio Solution File, Format Version 12.00
# Visual Studio Version 17
VisualStudioVersion = 17.4.33403.182
MinimumVisualStudioVersion = 10.0.40219.1
Project("{FAE04EC0-301F-11D3-BF4B-00C04F79EFBC}") = "DelayedAttackAction", "DelayedAttackAction.csproj", "{7E21A850-4269-4FF4-933D-AF0E2701C438}"
EndProject
Global
	GlobalSection(SolutionConfigurationPlatforms) = preSolution
		Debug|Any CPU = Debug|Any CPU
		Release|Any CPU = Release|Any CPU
	EndGlobalSection
	GlobalSection(ProjectConfigurationPlatforms) = postSolution
		{7E21A850-4269-4FF4-933D-AF0E2701C438}.Debug|Any CPU.ActiveCfg = Debug|Any CPU
		{7E21A850-4269-4FF4-933D-AF0E2701C438}.Debug|Any CPU.Build.0 = Debug|Any CPU
		{7E21A850-4269-4FF4-933D-AF0E2701C438}.Release|Any CPU.ActiveCfg = Release|Any CPU
		{7E21A850-4269-4FF4-933D-AF0E2701C438}.Release|Any CPU.Build.0 = Release|Any CPU
	EndGlobalSection
	GlobalSection(SolutionProperties) = preSolution
		HideSolutionNode = FALSE
	EndGlobalSection
	GlobalSection(ExtensibilityGlobals) = postSolution
		SolutionGuid = {A3AE2FC6-9199-49E8-894F-FFA94368808C}
	EndGlobalSection
EndGlobal
